{
  "version": 4,
  "terraform_version": "1.6.6",
  "serial": 6,
  "lineage": "ea8c5435-3829-81d5-1caf-76c027e3c19f",
  "outputs": {},
  "resources": [
    {
      "module": "module.dashboard",
      "mode": "managed",
      "type": "newrelic_one_dashboard",
      "name": "exampledash",
      "provider": "module.dashboard.provider[\"registry.terraform.io/newrelic/newrelic\"]",
      "instances": [
        {
          "schema_version": 0,
          "attributes": {
            "account_id": 4438267,
            "description": null,
            "guid": "NDQzODI2N3xWSVp8REFTSEJPQVJEfGRhOjYwMDkwNjk",
            "id": "NDQzODI2N3xWSVp8REFTSEJPQVJEfGRhOjYwMDkwNjk",
            "name": "Example Dashboard",
            "page": [
              {
                "description": "",
                "guid": "NDQzODI2N3xWSVp8REFTSEJPQVJEfDE3NDQzODg2",
                "name": "Example Dashboard",
                "widget_area": [],
                "widget_bar": [
                  {
                    "colors": [],
                    "column": 7,
                    "facet_show_other_series": false,
                    "filter_current_dashboard": false,
                    "height": 3,
                    "id": "246637465",
                    "ignore_time_range": false,
                    "legend_enabled": true,
                    "linked_entity_guids": [],
                    "nrql_query": [
                      {
                        "account_id": 4438267,
                        "query": "FROM Transaction SELECT average(duration) FACET appName"
                      }
                    ],
                    "null_values": [],
                    "row": 1,
                    "title": "Average transaction duration, by application",
                    "units": [],
                    "width": 6,
                    "y_axis_left_max": 0,
                    "y_axis_left_min": 0
                  }
                ],
                "widget_billboard": [
                  {
                    "colors": [],
                    "column": 1,
                    "critical": "",
                    "facet_show_other_series": false,
                    "height": 3,
                    "id": "246637466",
                    "ignore_time_range": false,
                    "legend_enabled": true,
                    "nrql_query": [
                      {
                        "account_id": 4438267,
                        "query": "FROM Transaction SELECT rate(count(*), 1 minute)"
                      }
                    ],
                    "null_values": [],
                    "row": 1,
                    "title": "Requests per minute",
                    "units": [],
                    "warning": "",
                    "width": 6,
                    "y_axis_left_max": 0,
                    "y_axis_left_min": 0
                  }
                ],
                "widget_bullet": [],
                "widget_funnel": [],
                "widget_heatmap": [],
                "widget_histogram": [],
                "widget_json": [],
                "widget_line": [],
                "widget_log_table": [],
                "widget_markdown": [
                  {
                    "colors": [],
                    "column": 1,
                    "facet_show_other_series": false,
                    "height": 3,
                    "id": "246637467",
                    "ignore_time_range": false,
                    "legend_enabled": true,
                    "null_values": [],
                    "row": 7,
                    "text": "### Helpful Links\n\n* [New Relic One](https://one.newrelic.com)\n* [Developer Portal](https://developer.newrelic.com)",
                    "title": "Dashboard Note",
                    "units": [],
                    "width": 12,
                    "y_axis_left_max": 0,
                    "y_axis_left_min": 0
                  }
                ],
                "widget_pie": [],
                "widget_stacked_bar": [],
                "widget_table": []
              }
            ],
            "permalink": "https://one.newrelic.com/redirect/entity/NDQzODI2N3xWSVp8REFTSEJPQVJEfGRhOjYwMDkwNjk",
            "permissions": "public_read_only",
            "variable": [
              {
                "default_values": [
                  "value1",
                  "value2"
                ],
                "is_multi_selection": true,
                "item": [
                  {
                    "title": "item_title",
                    "value": "item_value"
                  }
                ],
                "name": "dashboard_title",
                "nrql_query": [
                  {
                    "account_ids": [
                      4438267
                    ],
                    "query": "FROM Transaction SELECT average(duration) FACET appName"
                  }
                ],
                "options": [],
                "replacement_strategy": "default",
                "title": "dashboard_title",
                "type": "nrql"
              }
            ]
          },
          "sensitive_attributes": [],
          "private": "bnVsbA=="
        }
      ]
    }
  ],
  "check_results": null
}
