{
  "version": 4,
  "terraform_version": "1.6.6",
  "serial": 15,
  "lineage": "2b816955-8410-285d-6b08-86600d5bd3d4",
  "outputs": {},
  "resources": [
    {
      "module": "module.alert_policy",
      "mode": "managed",
      "type": "newrelic_alert_policy",
      "name": "alert01",
      "provider": "module.alert_policy.provider[\"registry.terraform.io/newrelic/newrelic\"]",
      "instances": [
        {
          "schema_version": 0,
          "attributes": {
            "account_id": 4438267,
            "channel_ids": null,
            "id": "5303152",
            "incident_preference": "PER_POLICY",
            "name": "alert-Terraform"
          },
          "sensitive_attributes": [],
          "private": "bnVsbA=="
        }
      ]
    },
    {
      "module": "module.newrelic_nrql_alert_condition",
      "mode": "managed",
      "type": "newrelic_nrql_alert_condition",
      "name": "alert-1",
      "provider": "module.newrelic_nrql_alert_condition.provider[\"registry.terraform.io/newrelic/newrelic\"]",
      "instances": [
        {
          "schema_version": 0,
          "attributes": {
            "account_id": 4438267,
            "aggregation_delay": "120",
            "aggregation_method": "event_flow",
            "aggregation_timer": null,
            "aggregation_window": 60,
            "baseline_direction": null,
            "close_violations_on_expiration": true,
            "critical": [
              {
                "duration": 0,
                "operator": "above",
                "threshold": 5.5,
                "threshold_duration": 300,
                "threshold_occurrences": "all",
                "time_function": ""
              }
            ],
            "description": "Alert when transactions are taking too long",
            "enabled": true,
            "entity_guid": "NDQzODI2N3xBSU9QU3xDT05ESVRJT058NDE1MDU1ODY",
            "expiration_duration": 120,
            "fill_option": "static",
            "fill_value": 1,
            "id": "5303152:41505586",
            "name": "cond-1",
            "nrql": [
              {
                "evaluation_offset": 0,
                "query": "SELECT average(duration) FROM Transaction where appName = 'Your App'",
                "since_value": ""
              }
            ],
            "open_violation_on_expiration": true,
            "policy_id": 5303152,
            "runbook_url": "https://www.example.com",
            "slide_by": 30,
            "term": [],
            "type": "static",
            "value_function": "SINGLE_VALUE",
            "violation_time_limit": "ONE_HOUR",
            "violation_time_limit_seconds": 3600,
            "warning": [
              {
                "duration": 0,
                "operator": "above",
                "threshold": 3.5,
                "threshold_duration": 600,
                "threshold_occurrences": "all",
                "time_function": ""
              }
            ]
          },
          "sensitive_attributes": [],
          "private": "bnVsbA==",
          "dependencies": [
            "module.alert_policy.newrelic_alert_policy.alert01"
          ]
        }
      ]
    }
  ],
  "check_results": null
}
